
Microsoft Visual Studio Solution File, Format Version 12.00
# Visual Studio Version 16
VisualStudioVersion = 16.0.32510.428
MinimumVisualStudioVersion = 10.0.40219.1
Project("{FAE04EC0-301F-11D3-BF4B-00C04F79EFBC}") = "javascript", "javascript\javascript.csproj", "{9A90D6D1-659E-4297-A7B7-14E2EACC392D}"
EndProject
Global
	GlobalSection(SolutionConfigurationPlatforms) = preSolution
		Debug|Any CPU = Debug|Any CPU
		Release|Any CPU = Release|Any CPU
	EndGlobalSection
	GlobalSection(ProjectConfigurationPlatforms) = postSolution
		{9A90D6D1-659E-4297-A7B7-14E2EACC392D}.Debug|Any CPU.ActiveCfg = Debug|Any CPU
		{9A90D6D1-659E-4297-A7B7-14E2EACC392D}.Debug|Any CPU.Build.0 = Debug|Any CPU
		{9A90D6D1-659E-4297-A7B7-14E2EACC392D}.Release|Any CPU.ActiveCfg = Release|Any CPU
		{9A90D6D1-659E-4297-A7B7-14E2EACC392D}.Release|Any CPU.Build.0 = Release|Any CPU
	EndGlobalSection
	GlobalSection(SolutionProperties) = preSolution
		HideSolutionNode = FALSE
	EndGlobalSection
	GlobalSection(ExtensibilityGlobals) = postSolution
		SolutionGuid = {66CC2428-F6F6-4C44-9209-9EE2C5BBF221}
	EndGlobalSection
EndGlobal
