
Microsoft Visual Studio Solution File, Format Version 12.00
# Visual Studio Version 17
VisualStudioVersion = 17.1.32210.238
MinimumVisualStudioVersion = 10.0.40219.1
Project("{FAE04EC0-301F-11D3-BF4B-00C04F79EFBC}") = "assignment5", "assignment5\assignment5.csproj", "{B56700D6-8F78-4E6E-97E8-DD19564571CA}"
EndProject
Global
	GlobalSection(SolutionConfigurationPlatforms) = preSolution
		Debug|Any CPU = Debug|Any CPU
		Release|Any CPU = Release|Any CPU
	EndGlobalSection
	GlobalSection(ProjectConfigurationPlatforms) = postSolution
		{B56700D6-8F78-4E6E-97E8-DD19564571CA}.Debug|Any CPU.ActiveCfg = Debug|Any CPU
		{B56700D6-8F78-4E6E-97E8-DD19564571CA}.Debug|Any CPU.Build.0 = Debug|Any CPU
		{B56700D6-8F78-4E6E-97E8-DD19564571CA}.Release|Any CPU.ActiveCfg = Release|Any CPU
		{B56700D6-8F78-4E6E-97E8-DD19564571CA}.Release|Any CPU.Build.0 = Release|Any CPU
	EndGlobalSection
	GlobalSection(SolutionProperties) = preSolution
		HideSolutionNode = FALSE
	EndGlobalSection
	GlobalSection(ExtensibilityGlobals) = postSolution
		SolutionGuid = {9B553784-DB07-496C-BB74-E6C2B01C3A53}
	EndGlobalSection
EndGlobal
